
Microsoft Visual Studio Solution File, Format Version 12.00
# Visual Studio Version 17
VisualStudioVersion = 17.5.33530.505
MinimumVisualStudioVersion = 10.0.40219.1
Project("{FAE04EC0-301F-11D3-BF4B-00C04F79EFBC}") = "peso", "peso\peso.csproj", "{8243AF84-DE69-481D-90DA-1BD0B176BBE4}"
EndProject
Global
	GlobalSection(SolutionConfigurationPlatforms) = preSolution
		Debug|Any CPU = Debug|Any CPU
		Release|Any CPU = Release|Any CPU
	EndGlobalSection
	GlobalSection(ProjectConfigurationPlatforms) = postSolution
		{8243AF84-DE69-481D-90DA-1BD0B176BBE4}.Debug|Any CPU.ActiveCfg = Debug|Any CPU
		{8243AF84-DE69-481D-90DA-1BD0B176BBE4}.Debug|Any CPU.Build.0 = Debug|Any CPU
		{8243AF84-DE69-481D-90DA-1BD0B176BBE4}.Release|Any CPU.ActiveCfg = Release|Any CPU
		{8243AF84-DE69-481D-90DA-1BD0B176BBE4}.Release|Any CPU.Build.0 = Release|Any CPU
	EndGlobalSection
	GlobalSection(SolutionProperties) = preSolution
		HideSolutionNode = FALSE
	EndGlobalSection
	GlobalSection(ExtensibilityGlobals) = postSolution
		SolutionGuid = {4088755D-6C4F-42D6-BA87-415286FBF419}
	EndGlobalSection
EndGlobal
